// !$*UTF8*$!
{
	archiveVersion = 1;
	classes = {
	};
	objectVersion = 50;
	objects = {

/* Begin PBXBuildFile section */
		8562BEF723144CE800ADCE03 /* AppDelegate.swift in Sources */ = {isa = PBXBuildFile; fileRef = 8562BEF623144CE800ADCE03 /* AppDelegate.swift */; };
		8562BEF923144CE800ADCE03 /* ViewController.swift in Sources */ = {isa = PBXBuildFile; fileRef = 8562BEF823144CE800ADCE03 /* ViewController.swift */; };
		8562BEFC23144CE800ADCE03 /* Main.storyboard in Resources */ = {isa = PBXBuildFile; fileRef = 8562BEFA23144CE800ADCE03 /* Main.storyboard */; };
		8562BEFE23144CE900ADCE03 /* Assets.xcassets in Resources */ = {isa = PBXBuildFile; fileRef = 8562BEFD23144CE900ADCE03 /* Assets.xcassets */; };
		8562BF0123144CE900ADCE03 /* LaunchScreen.storyboard in Resources */ = {isa = PBXBuildFile; fileRef = 8562BEFF23144CE900ADCE03 /* LaunchScreen.storyboard */; };
		857AC28C23833C4C00D2C593 /* KanjiViewController.swift in Sources */ = {isa = PBXBuildFile; fileRef = 857AC28B23833C4C00D2C593 /* KanjiViewController.swift */; };
		857AC28E23836D4A00D2C593 /* KanjiCell.swift in Sources */ = {isa = PBXBuildFile; fileRef = 857AC28D23836D4A00D2C593 /* KanjiCell.swift */; };
		857AC2922383FAC200D2C593 /* AboutViewController.swift in Sources */ = {isa = PBXBuildFile; fileRef = 857AC2912383FAC200D2C593 /* AboutViewController.swift */; };
/* End PBXBuildFile section */

/* Begin PBXFileReference section */
		8562BEF323144CE800ADCE03 /* Jisho.app */ = {isa = PBXFileReference; explicitFileType = wrapper.application; includeInIndex = 0; path = Jisho.app; sourceTree = BUILT_PRODUCTS_DIR; };
		8562BEF623144CE800ADCE03 /* AppDelegate.swift */ = {isa = PBXFileReference; lastKnownFileType = sourcecode.swift; path = AppDelegate.swift; sourceTree = "<group>"; };
		8562BEF823144CE800ADCE03 /* ViewController.swift */ = {isa = PBXFileReference; lastKnownFileType = sourcecode.swift; path = ViewController.swift; sourceTree = "<group>"; };
		8562BEFB23144CE800ADCE03 /* Base */ = {isa = PBXFileReference; lastKnownFileType = file.storyboard; name = Base; path = Base.lproj/Main.storyboard; sourceTree = "<group>"; };
		8562BEFD23144CE900ADCE03 /* Assets.xcassets */ = {isa = PBXFileReference; lastKnownFileType = folder.assetcatalog; path = Assets.xcassets; sourceTree = "<group>"; };
		8562BF0023144CE900ADCE03 /* Base */ = {isa = PBXFileReference; lastKnownFileType = file.storyboard; name = Base; path = Base.lproj/LaunchScreen.storyboard; sourceTree = "<group>"; };
		8562BF0223144CE900ADCE03 /* Info.plist */ = {isa = PBXFileReference; lastKnownFileType = text.plist.xml; path = Info.plist; sourceTree = "<group>"; };
		857AC28B23833C4C00D2C593 /* KanjiViewController.swift */ = {isa = PBXFileReference; lastKnownFileType = sourcecode.swift; path = KanjiViewController.swift; sourceTree = "<group>"; };
		857AC28D23836D4A00D2C593 /* KanjiCell.swift */ = {isa = PBXFileReference; lastKnownFileType = sourcecode.swift; path = KanjiCell.swift; sourceTree = "<group>"; };
		857AC2912383FAC200D2C593 /* AboutViewController.swift */ = {isa = PBXFileReference; lastKnownFileType = sourcecode.swift; path = AboutViewController.swift; sourceTree = "<group>"; };
/* End PBXFileReference section */

/* Begin PBXFrameworksBuildPhase section */
		8562BEF023144CE800ADCE03 /* Frameworks */ = {
			isa = PBXFrameworksBuildPhase;
			buildActionMask = 2147483647;
			files = (
			);
			runOnlyForDeploymentPostprocessing = 0;
		};
/* End PBXFrameworksBuildPhase section */

/* Begin PBXGroup section */
		8562BEEA23144CE800ADCE03 = {
			isa = PBXGroup;
			children = (
				8562BEF523144CE800ADCE03 /* Jisho */,
				8562BEF423144CE800ADCE03 /* Products */,
			);
			sourceTree = "<group>";
		};
		8562BEF423144CE800ADCE03 /* Products */ = {
			isa = PBXGroup;
			children = (
				8562BEF323144CE800ADCE03 /* Jisho.app */,
			);
			name = Products;
			sourceTree = "<group>";
		};
		8562BEF523144CE800ADCE03 /* Jisho */ = {
			isa = PBXGroup;
			children = (
				8562BEF623144CE800ADCE03 /* AppDelegate.swift */,
				8562BEF823144CE800ADCE03 /* ViewController.swift */,
				857AC2912383FAC200D2C593 /* AboutViewController.swift */,
				857AC28B23833C4C00D2C593 /* KanjiViewController.swift */,
				857AC28D23836D4A00D2C593 /* KanjiCell.swift */,
				8562BEFA23144CE800ADCE03 /* Main.storyboard */,
				8562BEFD23144CE900ADCE03 /* Assets.xcassets */,
				8562BEFF23144CE900ADCE03 /* LaunchScreen.storyboard */,
				8562BF0223144CE900ADCE03 /* Info.plist */,
			);
			path = Jisho;
			sourceTree = "<group>";
		};
/* End PBXGroup section */

/* Begin PBXNativeTarget section */
		8562BEF223144CE800ADCE03 /* JSON */ = {
			isa = PBXNativeTarget;
			buildConfigurationList = 8562BF0523144CE900ADCE03 /* Build configuration list for PBXNativeTarget "JSON" */;
			buildPhases = (
				8562BEEF23144CE800ADCE03 /* Sources */,
				8562BEF023144CE800ADCE03 /* Frameworks */,
				8562BEF123144CE800ADCE03 /* Resources */,
			);
			buildRules = (
			);
			dependencies = (
			);
			name = JSON;
			productName = JSON;
			productReference = 8562BEF323144CE800ADCE03 /* Jisho.app */;
			productType = "com.apple.product-type.application";
		};
/* End PBXNativeTarget section */

/* Begin PBXProject section */
		8562BEEB23144CE800ADCE03 /* Project object */ = {
			isa = PBXProject;
			attributes = {
				LastSwiftUpdateCheck = 1020;
				LastUpgradeCheck = 1020;
				ORGANIZATIONNAME = "Rei Sturm";
				TargetAttributes = {
					8562BEF223144CE800ADCE03 = {
						CreatedOnToolsVersion = 10.2.1;
					};
				};
			};
			buildConfigurationList = 8562BEEE23144CE800ADCE03 /* Build configuration list for PBXProject "Jisho" */;
			compatibilityVersion = "Xcode 9.3";
			developmentRegion = en;
			hasScannedForEncodings = 0;
			knownRegions = (
				en,
				Base,
			);
			mainGroup = 8562BEEA23144CE800ADCE03;
			productRefGroup = 8562BEF423144CE800ADCE03 /* Products */;
			projectDirPath = "";
			projectRoot = "";
			targets = (
				8562BEF223144CE800ADCE03 /* JSON */,
			);
		};
/* End PBXProject section */

/* Begin PBXResourcesBuildPhase section */
		8562BEF123144CE800ADCE03 /* Resources */ = {
			isa = PBXResourcesBuildPhase;
			buildActionMask = 2147483647;
			files = (
				8562BF0123144CE900ADCE03 /* LaunchScreen.storyboard in Resources */,
				8562BEFE23144CE900ADCE03 /* Assets.xcassets in Resources */,
				8562BEFC23144CE800ADCE03 /* Main.storyboard in Resources */,
			);
			runOnlyForDeploymentPostprocessing = 0;
		};
/* End PBXResourcesBuildPhase section */

/* Begin PBXSourcesBuildPhase section */
		8562BEEF23144CE800ADCE03 /* Sources */ = {
			isa = PBXSourcesBuildPhase;
			buildActionMask = 2147483647;
			files = (
				8562BEF923144CE800ADCE03 /* ViewController.swift in Sources */,
				8562BEF723144CE800ADCE03 /* AppDelegate.swift in Sources */,
				857AC28C23833C4C00D2C593 /* KanjiViewController.swift in Sources */,
				857AC2922383FAC200D2C593 /* AboutViewController.swift in Sources */,
				857AC28E23836D4A00D2C593 /* KanjiCell.swift in Sources */,
			);
			runOnlyForDeploymentPostprocessing = 0;
		};
/* End PBXSourcesBuildPhase section */

/* Begin PBXVariantGroup section */
		8562BEFA23144CE800ADCE03 /* Main.storyboard */ = {
			isa = PBXVariantGroup;
			children = (
				8562BEFB23144CE800ADCE03 /* Base */,
			);
			name = Main.storyboard;
			sourceTree = "<group>";
		};
		8562BEFF23144CE900ADCE03 /* LaunchScreen.storyboard */ = {
			isa = PBXVariantGroup;
			children = (
				8562BF0023144CE900ADCE03 /* Base */,
			);
			name = LaunchScreen.storyboard;
			sourceTree = "<group>";
		};
/* End PBXVariantGroup section */

/* Begin XCBuildConfiguration section */
		8562BF0323144CE900ADCE03 /* Debug */ = {
			isa = XCBuildConfiguration;
			buildSettings = {
				ALWAYS_SEARCH_USER_PATHS = NO;
				CLANG_ANALYZER_NONNULL = YES;
				CLANG_ANALYZER_NUMBER_OBJECT_CONVERSION = YES_AGGRESSIVE;
				CLANG_CXX_LANGUAGE_STANDARD = "gnu++14";
				CLANG_CXX_LIBRARY = "libc++";
				CLANG_ENABLE_MODULES = YES;
				CLANG_ENABLE_OBJC_ARC = YES;
				CLANG_ENABLE_OBJC_WEAK = YES;
				CLANG_WARN_BLOCK_CAPTURE_AUTORELEASING = YES;
				CLANG_WARN_BOOL_CONVERSION = YES;
				CLANG_WARN_COMMA = YES;
				CLANG_WARN_CONSTANT_CONVERSION = YES;
				CLANG_WARN_DEPRECATED_OBJC_IMPLEMENTATIONS = YES;
				CLANG_WARN_DIRECT_OBJC_ISA_USAGE = YES_ERROR;
				CLANG_WARN_DOCUMENTATION_COMMENTS = YES;
				CLANG_WARN_EMPTY_BODY = YES;
				CLANG_WARN_ENUM_CONVERSION = YES;
				CLANG_WARN_INFINITE_RECURSION = YES;
				CLANG_WARN_INT_CONVERSION = YES;
				CLANG_WARN_NON_LITERAL_NULL_CONVERSION = YES;
				CLANG_WARN_OBJC_IMPLICIT_RETAIN_SELF = YES;
				CLANG_WARN_OBJC_LITERAL_CONVERSION = YES;
				CLANG_WARN_OBJC_ROOT_CLASS = YES_ERROR;
				CLANG_WARN_RANGE_LOOP_ANALYSIS = YES;
				CLANG_WARN_STRICT_PROTOTYPES = YES;
				CLANG_WARN_SUSPICIOUS_MOVE = YES;
				CLANG_WARN_UNGUARDED_AVAILABILITY = YES_AGGRESSIVE;
				CLANG_WARN_UNREACHABLE_CODE = YES;
				CLANG_WARN__DUPLICATE_METHOD_MATCH = YES;
				CODE_SIGN_IDENTITY = "iPhone Developer";
				COPY_PHASE_STRIP = NO;
				DEBUG_INFORMATION_FORMAT = dwarf;
				ENABLE_STRICT_OBJC_MSGSEND = YES;
				ENABLE_TESTABILITY = YES;
				GCC_C_LANGUAGE_STANDARD = gnu11;
				GCC_DYNAMIC_NO_PIC = NO;
				GCC_NO_COMMON_BLOCKS = YES;
				GCC_OPTIMIZATION_LEVEL = 0;
				GCC_PREPROCESSOR_DEFINITIONS = (
					"DEBUG=1",
					"$(inherited)",
				);
				GCC_WARN_64_TO_32_BIT_CONVERSION = YES;
				GCC_WARN_ABOUT_RETURN_TYPE = YES_ERROR;
				GCC_WARN_UNDECLARED_SELECTOR = YES;
				GCC_WARN_UNINITIALIZED_AUTOS = YES_AGGRESSIVE;
				GCC_WARN_UNUSED_FUNCTION = YES;
				GCC_WARN_UNUSED_VARIABLE = YES;
				IPHONEOS_DEPLOYMENT_TARGET = 12.2;
				MTL_ENABLE_DEBUG_INFO = INCLUDE_SOURCE;
				MTL_FAST_MATH = YES;
				ONLY_ACTIVE_ARCH = YES;
				SDKROOT = iphoneos;
				SWIFT_ACTIVE_COMPILATION_CONDITIONS = DEBUG;
				SWIFT_OPTIMIZATION_LEVEL = "-Onone";
			};
			name = Debug;
		};
		8562BF0423144CE900ADCE03 /* Release */ = {
			isa = XCBuildConfiguration;
			buildSettings = {
				ALWAYS_SEARCH_USER_PATHS = NO;
				CLANG_ANALYZER_NONNULL = YES;
				CLANG_ANALYZER_NUMBER_OBJECT_CONVERSION = YES_AGGRESSIVE;
				CLANG_CXX_LANGUAGE_STANDARD = "gnu++14";
				CLANG_CXX_LIBRARY = "libc++";
				CLANG_ENABLE_MODULES = YES;
				CLANG_ENABLE_OBJC_ARC = YES;
				CLANG_ENABLE_OBJC_WEAK = YES;
				CLANG_WARN_BLOCK_CAPTURE_AUTORELEASING = YES;
				CLANG_WARN_BOOL_CONVERSION = YES;
				CLANG_WARN_COMMA = YES;
				CLANG_WARN_CONSTANT_CONVERSION = YES;
				CLANG_WARN_DEPRECATED_OBJC_IMPLEMENTATIONS = YES;
				CLANG_WARN_DIRECT_OBJC_ISA_USAGE = YES_ERROR;
				CLANG_WARN_DOCUMENTATION_COMMENTS = YES;
				CLANG_WARN_EMPTY_BODY = YES;
				CLANG_WARN_ENUM_CONVERSION = YES;
				CLANG_WARN_INFINITE_RECURSION = YES;
				CLANG_WARN_INT_CONVERSION = YES;
				CLANG_WARN_NON_LITERAL_NULL_CONVERSION = YES;
				CLANG_WARN_OBJC_IMPLICIT_RETAIN_SELF = YES;
				CLANG_WARN_OBJC_LITERAL_CONVERSION = YES;
				CLANG_WARN_OBJC_ROOT_CLASS = YES_ERROR;
				CLANG_WARN_RANGE_LOOP_ANALYSIS = YES;
				CLANG_WARN_STRICT_PROTOTYPES = YES;
				CLANG_WARN_SUSPICIOUS_MOVE = YES;
				CLANG_WARN_UNGUARDED_AVAILABILITY = YES_AGGRESSIVE;
				CLANG_WARN_UNREACHABLE_CODE = YES;
				CLANG_WARN__DUPLICATE_METHOD_MATCH = YES;
				CODE_SIGN_IDENTITY = "iPhone Developer";
				COPY_PHASE_STRIP = NO;
				DEBUG_INFORMATION_FORMAT = "dwarf-with-dsym";
				ENABLE_NS_ASSERTIONS = NO;
				ENABLE_STRICT_OBJC_MSGSEND = YES;
				GCC_C_LANGUAGE_STANDARD = gnu11;
				GCC_NO_COMMON_BLOCKS = YES;
				GCC_WARN_64_TO_32_BIT_CONVERSION = YES;
				GCC_WARN_ABOUT_RETURN_TYPE = YES_ERROR;
				GCC_WARN_UNDECLARED_SELECTOR = YES;
				GCC_WARN_UNINITIALIZED_AUTOS = YES_AGGRESSIVE;
				GCC_WARN_UNUSED_FUNCTION = YES;
				GCC_WARN_UNUSED_VARIABLE = YES;
				IPHONEOS_DEPLOYMENT_TARGET = 12.2;
				MTL_ENABLE_DEBUG_INFO = NO;
				MTL_FAST_MATH = YES;
				SDKROOT = iphoneos;
				SWIFT_COMPILATION_MODE = wholemodule;
				SWIFT_OPTIMIZATION_LEVEL = "-O";
				VALIDATE_PRODUCT = YES;
			};
			name = Release;
		};
		8562BF0623144CE900ADCE03 /* Debug */ = {
			isa = XCBuildConfiguration;
			buildSettings = {
				ASSETCATALOG_COMPILER_APPICON_NAME = AppIcon;
				CODE_SIGN_STYLE = Automatic;
				DEVELOPMENT_TEAM = 77375D2JR7;
				INFOPLIST_FILE = "$(SRCROOT)/Jisho/Info.plist";
				LD_RUNPATH_SEARCH_PATHS = (
					"$(inherited)",
					"@executable_path/Frameworks",
				);
				PRODUCT_BUNDLE_IDENTIFIER = com.reisturm.JSON;
				PRODUCT_NAME = Jisho;
				SWIFT_VERSION = 5.0;
				TARGETED_DEVICE_FAMILY = "1,2";
			};
			name = Debug;
		};
		8562BF0723144CE900ADCE03 /* Release */ = {
			isa = XCBuildConfiguration;
			buildSettings = {
				ASSETCATALOG_COMPILER_APPICON_NAME = AppIcon;
				CODE_SIGN_STYLE = Automatic;
				DEVELOPMENT_TEAM = 77375D2JR7;
				INFOPLIST_FILE = "$(SRCROOT)/Jisho/Info.plist";
				LD_RUNPATH_SEARCH_PATHS = (
					"$(inherited)",
					"@executable_path/Frameworks",
				);
				PRODUCT_BUNDLE_IDENTIFIER = com.reisturm.JSON;
				PRODUCT_NAME = Jisho;
				SWIFT_VERSION = 5.0;
				TARGETED_DEVICE_FAMILY = "1,2";
			};
			name = Release;
		};
/* End XCBuildConfiguration section */

/* Begin XCConfigurationList section */
		8562BEEE23144CE800ADCE03 /* Build configuration list for PBXProject "Jisho" */ = {
			isa = XCConfigurationList;
			buildConfigurations = (
				8562BF0323144CE900ADCE03 /* Debug */,
				8562BF0423144CE900ADCE03 /* Release */,
			);
			defaultConfigurationIsVisible = 0;
			defaultConfigurationName = Release;
		};
		8562BF0523144CE900ADCE03 /* Build configuration list for PBXNativeTarget "JSON" */ = {
			isa = XCConfigurationList;
			buildConfigurations = (
				8562BF0623144CE900ADCE03 /* Debug */,
				8562BF0723144CE900ADCE03 /* Release */,
			);
			defaultConfigurationIsVisible = 0;
			defaultConfigurationName = Release;
		};
/* End XCConfigurationList section */
	};
	rootObject = 8562BEEB23144CE800ADCE03 /* Project object */;
}
